
Microsoft Visual Studio Solution File, Format Version 12.00
# Visual Studio Version 17
VisualStudioVersion = 17.0.31903.59
MinimumVisualStudioVersion = 10.0.40219.1
Project("{2150E333-8FDC-42A3-9474-1A3956D46DE8}") = "src", "src", "{827E0CD3-B72D-47B6-A68D-7590B98EB39B}"
EndProject
Project("{FAE04EC0-301F-11D3-BF4B-00C04F79EFBC}") = "OfficeNet.Core", "src\OfficeNet.Core\OfficeNet.Core.csproj", "{838B05BB-0743-4410-82B0-8B66E36E7F38}"
EndProject
Project("{FAE04EC0-301F-11D3-BF4B-00C04F79EFBC}") = "PdfNet", "src\PdfNet\PdfNet.csproj", "{16CB2110-BC48-43B4-9425-EE95AF78A426}"
EndProject
Project("{FAE04EC0-301F-11D3-BF4B-00C04F79EFBC}") = "WordNet", "src\WordNet\WordNet.csproj", "{1F2D3069-C00D-4EC4-A5E4-4D5A2530987D}"
EndProject
Project("{FAE04EC0-301F-11D3-BF4B-00C04F79EFBC}") = "ExcelNet", "src\ExcelNet\ExcelNet.csproj", "{251DCECC-6398-4D8D-81A0-1805C536D9BB}"
EndProject
Project("{FAE04EC0-301F-11D3-BF4B-00C04F79EFBC}") = "PowerPointNet", "src\PowerPointNet\PowerPointNet.csproj", "{90090D18-7B85-49A1-8A92-7D2FF49492A4}"
EndProject
Project("{2150E333-8FDC-42A3-9474-1A3956D46DE8}") = "tests", "tests", "{0AB3BF05-4346-4AA6-1389-037BE0695223}"
EndProject
Project("{FAE04EC0-301F-11D3-BF4B-00C04F79EFBC}") = "OfficeNet.TestKit", "tests\OfficeNet.TestKit\OfficeNet.TestKit.csproj", "{5E6828B4-8E31-4357-B1CE-81A726820941}"
EndProject
Project("{FAE04EC0-301F-11D3-BF4B-00C04F79EFBC}") = "OfficeNet.Core.Tests", "tests\OfficeNet.Core.Tests\OfficeNet.Core.Tests.csproj", "{03F17E43-4EE3-4302-885E-C31ABC1D3B65}"
EndProject
Project("{FAE04EC0-301F-11D3-BF4B-00C04F79EFBC}") = "PdfNet.Tests", "tests\PdfNet.Tests\PdfNet.Tests.csproj", "{C75FE71E-20F5-476D-BB49-C15C5FD8CB0E}"
EndProject
Project("{FAE04EC0-301F-11D3-BF4B-00C04F79EFBC}") = "WordNet.Tests", "tests\WordNet.Tests\WordNet.Tests.csproj", "{9C2EE63D-1734-4A58-A70A-72CCC51557AA}"
EndProject
Project("{FAE04EC0-301F-11D3-BF4B-00C04F79EFBC}") = "ExcelNet.Tests", "tests\ExcelNet.Tests\ExcelNet.Tests.csproj", "{2F2F08F9-5738-46D7-A35B-2EEF776A786D}"
EndProject
Project("{FAE04EC0-301F-11D3-BF4B-00C04F79EFBC}") = "PowerPointNet.Tests", "tests\PowerPointNet.Tests\PowerPointNet.Tests.csproj", "{4167D36F-96C8-461A-BC62-075F0BBE9039}"
EndProject
Project("{FAE04EC0-301F-11D3-BF4B-00C04F79EFBC}") = "OfficeNet", "src\OfficeNet\OfficeNet.csproj", "{4DC71533-A48A-468F-865A-4F2413B0F545}"
EndProject
Project("{FAE04EC0-301F-11D3-BF4B-00C04F79EFBC}") = "OfficeNet.Rendering", "src\OfficeNet.Rendering\OfficeNet.Rendering.csproj", "{675ABC75-F96A-4BF8-9270-40952C638EA5}"
EndProject
Project("{2150E333-8FDC-42A3-9474-1A3956D46DE8}") = "tools", "tools", "{07C2787E-EAC7-C090-1BA3-A61EC2A24D84}"
EndProject
Project("{FAE04EC0-301F-11D3-BF4B-00C04F79EFBC}") = "ScreenshotGen", "tools\ScreenshotGen\ScreenshotGen.csproj", "{40D1267F-E9C8-450A-B3EB-70D95475A077}"
EndProject
Project("{FAE04EC0-301F-11D3-BF4B-00C04F79EFBC}") = "OfficeNet.Rendering.Tests", "tests\OfficeNet.Rendering.Tests\OfficeNet.Rendering.Tests.csproj", "{AFBF977E-DDA1-4175-AECE-3397BF8C48D9}"
EndProject
Project("{FAE04EC0-301F-11D3-BF4B-00C04F79EFBC}") = "OfficeNet.Docs.Tests", "tests\OfficeNet.Docs.Tests\OfficeNet.Docs.Tests.csproj", "{A6E48C0E-74FF-48C9-AFA5-117BBDA918B6}"
EndProject
Project("{2150E333-8FDC-42A3-9474-1A3956D46DE8}") = "benchmarks", "benchmarks", "{66320409-64EC-F7C5-3DEF-65E7510DAAD1}"
EndProject
Project("{FAE04EC0-301F-11D3-BF4B-00C04F79EFBC}") = "OfficeNet.Benchmarks", "benchmarks\OfficeNet.Benchmarks\OfficeNet.Benchmarks.csproj", "{9BE93BBF-C1E2-4D3B-B949-1ADFFE8558F2}"
EndProject
Project("{2150E333-8FDC-42A3-9474-1A3956D46DE8}") = "samples", "samples", "{5D20AA90-6969-D8BD-9DCD-8634F4692FDA}"
EndProject
Project("{FAE04EC0-301F-11D3-BF4B-00C04F79EFBC}") = "BatchConverter.Console", "samples\BatchConverter.Console\BatchConverter.Console.csproj", "{28717118-4347-4216-9AE4-1E4E1778D25C}"
EndProject
Project("{FAE04EC0-301F-11D3-BF4B-00C04F79EFBC}") = "EtlPipeline.Console", "samples\EtlPipeline.Console\EtlPipeline.Console.csproj", "{45CEFEB1-E3B4-47FB-8940-7740BD93F5B8}"
EndProject
Project("{FAE04EC0-301F-11D3-BF4B-00C04F79EFBC}") = "OfficeNet.Dashboard", "samples\OfficeNet.Dashboard\OfficeNet.Dashboard.csproj", "{A8C4805D-DD62-4EFC-AF76-7D10C8205613}"
EndProject
Project("{FAE04EC0-301F-11D3-BF4B-00C04F79EFBC}") = "OfficeNet.Gallery", "samples\OfficeNet.Gallery\OfficeNet.Gallery.csproj", "{4FBBE324-2DE9-42CD-A751-7685BCC4F0B4}"
EndProject
Project("{FAE04EC0-301F-11D3-BF4B-00C04F79EFBC}") = "OfficeNet.Editor", "samples\OfficeNet.Editor\OfficeNet.Editor.csproj", "{9131D236-8E6E-4532-AE7C-EF616804B305}"
EndProject
Global
	GlobalSection(SolutionConfigurationPlatforms) = preSolution
		Debug|Any CPU = Debug|Any CPU
		Debug|x64 = Debug|x64
		Debug|x86 = Debug|x86
		Release|Any CPU = Release|Any CPU
		Release|x64 = Release|x64
		Release|x86 = Release|x86
	EndGlobalSection
	GlobalSection(ProjectConfigurationPlatforms) = postSolution
		{838B05BB-0743-4410-82B0-8B66E36E7F38}.Debug|Any CPU.ActiveCfg = Debug|Any CPU
		{838B05BB-0743-4410-82B0-8B66E36E7F38}.Debug|Any CPU.Build.0 = Debug|Any CPU
		{838B05BB-0743-4410-82B0-8B66E36E7F38}.Debug|x64.ActiveCfg = Debug|Any CPU
		{838B05BB-0743-4410-82B0-8B66E36E7F38}.Debug|x64.Build.0 = Debug|Any CPU
		{838B05BB-0743-4410-82B0-8B66E36E7F38}.Debug|x86.ActiveCfg = Debug|Any CPU
		{838B05BB-0743-4410-82B0-8B66E36E7F38}.Debug|x86.Build.0 = Debug|Any CPU
		{838B05BB-0743-4410-82B0-8B66E36E7F38}.Release|Any CPU.ActiveCfg = Release|Any CPU
		{838B05BB-0743-4410-82B0-8B66E36E7F38}.Release|Any CPU.Build.0 = Release|Any CPU
		{838B05BB-0743-4410-82B0-8B66E36E7F38}.Release|x64.ActiveCfg = Release|Any CPU
		{838B05BB-0743-4410-82B0-8B66E36E7F38}.Release|x64.Build.0 = Release|Any CPU
		{838B05BB-0743-4410-82B0-8B66E36E7F38}.Release|x86.ActiveCfg = Release|Any CPU
		{838B05BB-0743-4410-82B0-8B66E36E7F38}.Release|x86.Build.0 = Release|Any CPU
		{16CB2110-BC48-43B4-9425-EE95AF78A426}.Debug|Any CPU.ActiveCfg = Debug|Any CPU
		{16CB2110-BC48-43B4-9425-EE95AF78A426}.Debug|Any CPU.Build.0 = Debug|Any CPU
		{16CB2110-BC48-43B4-9425-EE95AF78A426}.Debug|x64.ActiveCfg = Debug|Any CPU
		{16CB2110-BC48-43B4-9425-EE95AF78A426}.Debug|x64.Build.0 = Debug|Any CPU
		{16CB2110-BC48-43B4-9425-EE95AF78A426}.Debug|x86.ActiveCfg = Debug|Any CPU
		{16CB2110-BC48-43B4-9425-EE95AF78A426}.Debug|x86.Build.0 = Debug|Any CPU
		{16CB2110-BC48-43B4-9425-EE95AF78A426}.Release|Any CPU.ActiveCfg = Release|Any CPU
		{16CB2110-BC48-43B4-9425-EE95AF78A426}.Release|Any CPU.Build.0 = Release|Any CPU
		{16CB2110-BC48-43B4-9425-EE95AF78A426}.Release|x64.ActiveCfg = Release|Any CPU
		{16CB2110-BC48-43B4-9425-EE95AF78A426}.Release|x64.Build.0 = Release|Any CPU
		{16CB2110-BC48-43B4-9425-EE95AF78A426}.Release|x86.ActiveCfg = Release|Any CPU
		{16CB2110-BC48-43B4-9425-EE95AF78A426}.Release|x86.Build.0 = Release|Any CPU
		{1F2D3069-C00D-4EC4-A5E4-4D5A2530987D}.Debug|Any CPU.ActiveCfg = Debug|Any CPU
		{1F2D3069-C00D-4EC4-A5E4-4D5A2530987D}.Debug|Any CPU.Build.0 = Debug|Any CPU
		{1F2D3069-C00D-4EC4-A5E4-4D5A2530987D}.Debug|x64.ActiveCfg = Debug|Any CPU
		{1F2D3069-C00D-4EC4-A5E4-4D5A2530987D}.Debug|x64.Build.0 = Debug|Any CPU
		{1F2D3069-C00D-4EC4-A5E4-4D5A2530987D}.Debug|x86.ActiveCfg = Debug|Any CPU
		{1F2D3069-C00D-4EC4-A5E4-4D5A2530987D}.Debug|x86.Build.0 = Debug|Any CPU
		{1F2D3069-C00D-4EC4-A5E4-4D5A2530987D}.Release|Any CPU.ActiveCfg = Release|Any CPU
		{1F2D3069-C00D-4EC4-A5E4-4D5A2530987D}.Release|Any CPU.Build.0 = Release|Any CPU
		{1F2D3069-C00D-4EC4-A5E4-4D5A2530987D}.Release|x64.ActiveCfg = Release|Any CPU
		{1F2D3069-C00D-4EC4-A5E4-4D5A2530987D}.Release|x64.Build.0 = Release|Any CPU
		{1F2D3069-C00D-4EC4-A5E4-4D5A2530987D}.Release|x86.ActiveCfg = Release|Any CPU
		{1F2D3069-C00D-4EC4-A5E4-4D5A2530987D}.Release|x86.Build.0 = Release|Any CPU
		{251DCECC-6398-4D8D-81A0-1805C536D9BB}.Debug|Any CPU.ActiveCfg = Debug|Any CPU
		{251DCECC-6398-4D8D-81A0-1805C536D9BB}.Debug|Any CPU.Build.0 = Debug|Any CPU
		{251DCECC-6398-4D8D-81A0-1805C536D9BB}.Debug|x64.ActiveCfg = Debug|Any CPU
		{251DCECC-6398-4D8D-81A0-1805C536D9BB}.Debug|x64.Build.0 = Debug|Any CPU
		{251DCECC-6398-4D8D-81A0-1805C536D9BB}.Debug|x86.ActiveCfg = Debug|Any CPU
		{251DCECC-6398-4D8D-81A0-1805C536D9BB}.Debug|x86.Build.0 = Debug|Any CPU
		{251DCECC-6398-4D8D-81A0-1805C536D9BB}.Release|Any CPU.ActiveCfg = Release|Any CPU
		{251DCECC-6398-4D8D-81A0-1805C536D9BB}.Release|Any CPU.Build.0 = Release|Any CPU
		{251DCECC-6398-4D8D-81A0-1805C536D9BB}.Release|x64.ActiveCfg = Release|Any CPU
		{251DCECC-6398-4D8D-81A0-1805C536D9BB}.Release|x64.Build.0 = Release|Any CPU
		{251DCECC-6398-4D8D-81A0-1805C536D9BB}.Release|x86.ActiveCfg = Release|Any CPU
		{251DCECC-6398-4D8D-81A0-1805C536D9BB}.Release|x86.Build.0 = Release|Any CPU
		{90090D18-7B85-49A1-8A92-7D2FF49492A4}.Debug|Any CPU.ActiveCfg = Debug|Any CPU
		{90090D18-7B85-49A1-8A92-7D2FF49492A4}.Debug|Any CPU.Build.0 = Debug|Any CPU
		{90090D18-7B85-49A1-8A92-7D2FF49492A4}.Debug|x64.ActiveCfg = Debug|Any CPU
		{90090D18-7B85-49A1-8A92-7D2FF49492A4}.Debug|x64.Build.0 = Debug|Any CPU
		{90090D18-7B85-49A1-8A92-7D2FF49492A4}.Debug|x86.ActiveCfg = Debug|Any CPU
		{90090D18-7B85-49A1-8A92-7D2FF49492A4}.Debug|x86.Build.0 = Debug|Any CPU
		{90090D18-7B85-49A1-8A92-7D2FF49492A4}.Release|Any CPU.ActiveCfg = Release|Any CPU
		{90090D18-7B85-49A1-8A92-7D2FF49492A4}.Release|Any CPU.Build.0 = Release|Any CPU
		{90090D18-7B85-49A1-8A92-7D2FF49492A4}.Release|x64.ActiveCfg = Release|Any CPU
		{90090D18-7B85-49A1-8A92-7D2FF49492A4}.Release|x64.Build.0 = Release|Any CPU
		{90090D18-7B85-49A1-8A92-7D2FF49492A4}.Release|x86.ActiveCfg = Release|Any CPU
		{90090D18-7B85-49A1-8A92-7D2FF49492A4}.Release|x86.Build.0 = Release|Any CPU
		{5E6828B4-8E31-4357-B1CE-81A726820941}.Debug|Any CPU.ActiveCfg = Debug|Any CPU
		{5E6828B4-8E31-4357-B1CE-81A726820941}.Debug|Any CPU.Build.0 = Debug|Any CPU
		{5E6828B4-8E31-4357-B1CE-81A726820941}.Debug|x64.ActiveCfg = Debug|Any CPU
		{5E6828B4-8E31-4357-B1CE-81A726820941}.Debug|x64.Build.0 = Debug|Any CPU
		{5E6828B4-8E31-4357-B1CE-81A726820941}.Debug|x86.ActiveCfg = Debug|Any CPU
		{5E6828B4-8E31-4357-B1CE-81A726820941}.Debug|x86.Build.0 = Debug|Any CPU
		{5E6828B4-8E31-4357-B1CE-81A726820941}.Release|Any CPU.ActiveCfg = Release|Any CPU
		{5E6828B4-8E31-4357-B1CE-81A726820941}.Release|Any CPU.Build.0 = Release|Any CPU
		{5E6828B4-8E31-4357-B1CE-81A726820941}.Release|x64.ActiveCfg = Release|Any CPU
		{5E6828B4-8E31-4357-B1CE-81A726820941}.Release|x64.Build.0 = Release|Any CPU
		{5E6828B4-8E31-4357-B1CE-81A726820941}.Release|x86.ActiveCfg = Release|Any CPU
		{5E6828B4-8E31-4357-B1CE-81A726820941}.Release|x86.Build.0 = Release|Any CPU
		{03F17E43-4EE3-4302-885E-C31ABC1D3B65}.Debug|Any CPU.ActiveCfg = Debug|Any CPU
		{03F17E43-4EE3-4302-885E-C31ABC1D3B65}.Debug|Any CPU.Build.0 = Debug|Any CPU
		{03F17E43-4EE3-4302-885E-C31ABC1D3B65}.Debug|x64.ActiveCfg = Debug|Any CPU
		{03F17E43-4EE3-4302-885E-C31ABC1D3B65}.Debug|x64.Build.0 = Debug|Any CPU
		{03F17E43-4EE3-4302-885E-C31ABC1D3B65}.Debug|x86.ActiveCfg = Debug|Any CPU
		{03F17E43-4EE3-4302-885E-C31ABC1D3B65}.Debug|x86.Build.0 = Debug|Any CPU
		{03F17E43-4EE3-4302-885E-C31ABC1D3B65}.Release|Any CPU.ActiveCfg = Release|Any CPU
		{03F17E43-4EE3-4302-885E-C31ABC1D3B65}.Release|Any CPU.Build.0 = Release|Any CPU
		{03F17E43-4EE3-4302-885E-C31ABC1D3B65}.Release|x64.ActiveCfg = Release|Any CPU
		{03F17E43-4EE3-4302-885E-C31ABC1D3B65}.Release|x64.Build.0 = Release|Any CPU
		{03F17E43-4EE3-4302-885E-C31ABC1D3B65}.Release|x86.ActiveCfg = Release|Any CPU
		{03F17E43-4EE3-4302-885E-C31ABC1D3B65}.Release|x86.Build.0 = Release|Any CPU
		{C75FE71E-20F5-476D-BB49-C15C5FD8CB0E}.Debug|Any CPU.ActiveCfg = Debug|Any CPU
		{C75FE71E-20F5-476D-BB49-C15C5FD8CB0E}.Debug|Any CPU.Build.0 = Debug|Any CPU
		{C75FE71E-20F5-476D-BB49-C15C5FD8CB0E}.Debug|x64.ActiveCfg = Debug|Any CPU
		{C75FE71E-20F5-476D-BB49-C15C5FD8CB0E}.Debug|x64.Build.0 = Debug|Any CPU
		{C75FE71E-20F5-476D-BB49-C15C5FD8CB0E}.Debug|x86.ActiveCfg = Debug|Any CPU
		{C75FE71E-20F5-476D-BB49-C15C5FD8CB0E}.Debug|x86.Build.0 = Debug|Any CPU
		{C75FE71E-20F5-476D-BB49-C15C5FD8CB0E}.Release|Any CPU.ActiveCfg = Release|Any CPU
		{C75FE71E-20F5-476D-BB49-C15C5FD8CB0E}.Release|Any CPU.Build.0 = Release|Any CPU
		{C75FE71E-20F5-476D-BB49-C15C5FD8CB0E}.Release|x64.ActiveCfg = Release|Any CPU
		{C75FE71E-20F5-476D-BB49-C15C5FD8CB0E}.Release|x64.Build.0 = Release|Any CPU
		{C75FE71E-20F5-476D-BB49-C15C5FD8CB0E}.Release|x86.ActiveCfg = Release|Any CPU
		{C75FE71E-20F5-476D-BB49-C15C5FD8CB0E}.Release|x86.Build.0 = Release|Any CPU
		{9C2EE63D-1734-4A58-A70A-72CCC51557AA}.Debug|Any CPU.ActiveCfg = Debug|Any CPU
		{9C2EE63D-1734-4A58-A70A-72CCC51557AA}.Debug|Any CPU.Build.0 = Debug|Any CPU
		{9C2EE63D-1734-4A58-A70A-72CCC51557AA}.Debug|x64.ActiveCfg = Debug|Any CPU
		{9C2EE63D-1734-4A58-A70A-72CCC51557AA}.Debug|x64.Build.0 = Debug|Any CPU
		{9C2EE63D-1734-4A58-A70A-72CCC51557AA}.Debug|x86.ActiveCfg = Debug|Any CPU
		{9C2EE63D-1734-4A58-A70A-72CCC51557AA}.Debug|x86.Build.0 = Debug|Any CPU
		{9C2EE63D-1734-4A58-A70A-72CCC51557AA}.Release|Any CPU.ActiveCfg = Release|Any CPU
		{9C2EE63D-1734-4A58-A70A-72CCC51557AA}.Release|Any CPU.Build.0 = Release|Any CPU
		{9C2EE63D-1734-4A58-A70A-72CCC51557AA}.Release|x64.ActiveCfg = Release|Any CPU
		{9C2EE63D-1734-4A58-A70A-72CCC51557AA}.Release|x64.Build.0 = Release|Any CPU
		{9C2EE63D-1734-4A58-A70A-72CCC51557AA}.Release|x86.ActiveCfg = Release|Any CPU
		{9C2EE63D-1734-4A58-A70A-72CCC51557AA}.Release|x86.Build.0 = Release|Any CPU
		{2F2F08F9-5738-46D7-A35B-2EEF776A786D}.Debug|Any CPU.ActiveCfg = Debug|Any CPU
		{2F2F08F9-5738-46D7-A35B-2EEF776A786D}.Debug|Any CPU.Build.0 = Debug|Any CPU
		{2F2F08F9-5738-46D7-A35B-2EEF776A786D}.Debug|x64.ActiveCfg = Debug|Any CPU
		{2F2F08F9-5738-46D7-A35B-2EEF776A786D}.Debug|x64.Build.0 = Debug|Any CPU
		{2F2F08F9-5738-46D7-A35B-2EEF776A786D}.Debug|x86.ActiveCfg = Debug|Any CPU
		{2F2F08F9-5738-46D7-A35B-2EEF776A786D}.Debug|x86.Build.0 = Debug|Any CPU
		{2F2F08F9-5738-46D7-A35B-2EEF776A786D}.Release|Any CPU.ActiveCfg = Release|Any CPU
		{2F2F08F9-5738-46D7-A35B-2EEF776A786D}.Release|Any CPU.Build.0 = Release|Any CPU
		{2F2F08F9-5738-46D7-A35B-2EEF776A786D}.Release|x64.ActiveCfg = Release|Any CPU
		{2F2F08F9-5738-46D7-A35B-2EEF776A786D}.Release|x64.Build.0 = Release|Any CPU
		{2F2F08F9-5738-46D7-A35B-2EEF776A786D}.Release|x86.ActiveCfg = Release|Any CPU
		{2F2F08F9-5738-46D7-A35B-2EEF776A786D}.Release|x86.Build.0 = Release|Any CPU
		{4167D36F-96C8-461A-BC62-075F0BBE9039}.Debug|Any CPU.ActiveCfg = Debug|Any CPU
		{4167D36F-96C8-461A-BC62-075F0BBE9039}.Debug|Any CPU.Build.0 = Debug|Any CPU
		{4167D36F-96C8-461A-BC62-075F0BBE9039}.Debug|x64.ActiveCfg = Debug|Any CPU
		{4167D36F-96C8-461A-BC62-075F0BBE9039}.Debug|x64.Build.0 = Debug|Any CPU
		{4167D36F-96C8-461A-BC62-075F0BBE9039}.Debug|x86.ActiveCfg = Debug|Any CPU
		{4167D36F-96C8-461A-BC62-075F0BBE9039}.Debug|x86.Build.0 = Debug|Any CPU
		{4167D36F-96C8-461A-BC62-075F0BBE9039}.Release|Any CPU.ActiveCfg = Release|Any CPU
		{4167D36F-96C8-461A-BC62-075F0BBE9039}.Release|Any CPU.Build.0 = Release|Any CPU
		{4167D36F-96C8-461A-BC62-075F0BBE9039}.Release|x64.ActiveCfg = Release|Any CPU
		{4167D36F-96C8-461A-BC62-075F0BBE9039}.Release|x64.Build.0 = Release|Any CPU
		{4167D36F-96C8-461A-BC62-075F0BBE9039}.Release|x86.ActiveCfg = Release|Any CPU
		{4167D36F-96C8-461A-BC62-075F0BBE9039}.Release|x86.Build.0 = Release|Any CPU
		{4DC71533-A48A-468F-865A-4F2413B0F545}.Debug|Any CPU.ActiveCfg = Debug|Any CPU
		{4DC71533-A48A-468F-865A-4F2413B0F545}.Debug|Any CPU.Build.0 = Debug|Any CPU
		{4DC71533-A48A-468F-865A-4F2413B0F545}.Debug|x64.ActiveCfg = Debug|Any CPU
		{4DC71533-A48A-468F-865A-4F2413B0F545}.Debug|x64.Build.0 = Debug|Any CPU
		{4DC71533-A48A-468F-865A-4F2413B0F545}.Debug|x86.ActiveCfg = Debug|Any CPU
		{4DC71533-A48A-468F-865A-4F2413B0F545}.Debug|x86.Build.0 = Debug|Any CPU
		{4DC71533-A48A-468F-865A-4F2413B0F545}.Release|Any CPU.ActiveCfg = Release|Any CPU
		{4DC71533-A48A-468F-865A-4F2413B0F545}.Release|Any CPU.Build.0 = Release|Any CPU
		{4DC71533-A48A-468F-865A-4F2413B0F545}.Release|x64.ActiveCfg = Release|Any CPU
		{4DC71533-A48A-468F-865A-4F2413B0F545}.Release|x64.Build.0 = Release|Any CPU
		{4DC71533-A48A-468F-865A-4F2413B0F545}.Release|x86.ActiveCfg = Release|Any CPU
		{4DC71533-A48A-468F-865A-4F2413B0F545}.Release|x86.Build.0 = Release|Any CPU
		{675ABC75-F96A-4BF8-9270-40952C638EA5}.Debug|Any CPU.ActiveCfg = Debug|Any CPU
		{675ABC75-F96A-4BF8-9270-40952C638EA5}.Debug|Any CPU.Build.0 = Debug|Any CPU
		{675ABC75-F96A-4BF8-9270-40952C638EA5}.Debug|x64.ActiveCfg = Debug|Any CPU
		{675ABC75-F96A-4BF8-9270-40952C638EA5}.Debug|x64.Build.0 = Debug|Any CPU
		{675ABC75-F96A-4BF8-9270-40952C638EA5}.Debug|x86.ActiveCfg = Debug|Any CPU
		{675ABC75-F96A-4BF8-9270-40952C638EA5}.Debug|x86.Build.0 = Debug|Any CPU
		{675ABC75-F96A-4BF8-9270-40952C638EA5}.Release|Any CPU.ActiveCfg = Release|Any CPU
		{675ABC75-F96A-4BF8-9270-40952C638EA5}.Release|Any CPU.Build.0 = Release|Any CPU
		{675ABC75-F96A-4BF8-9270-40952C638EA5}.Release|x64.ActiveCfg = Release|Any CPU
		{675ABC75-F96A-4BF8-9270-40952C638EA5}.Release|x64.Build.0 = Release|Any CPU
		{675ABC75-F96A-4BF8-9270-40952C638EA5}.Release|x86.ActiveCfg = Release|Any CPU
		{675ABC75-F96A-4BF8-9270-40952C638EA5}.Release|x86.Build.0 = Release|Any CPU
		{40D1267F-E9C8-450A-B3EB-70D95475A077}.Debug|Any CPU.ActiveCfg = Debug|Any CPU
		{40D1267F-E9C8-450A-B3EB-70D95475A077}.Debug|Any CPU.Build.0 = Debug|Any CPU
		{40D1267F-E9C8-450A-B3EB-70D95475A077}.Debug|x64.ActiveCfg = Debug|Any CPU
		{40D1267F-E9C8-450A-B3EB-70D95475A077}.Debug|x64.Build.0 = Debug|Any CPU
		{40D1267F-E9C8-450A-B3EB-70D95475A077}.Debug|x86.ActiveCfg = Debug|Any CPU
		{40D1267F-E9C8-450A-B3EB-70D95475A077}.Debug|x86.Build.0 = Debug|Any CPU
		{40D1267F-E9C8-450A-B3EB-70D95475A077}.Release|Any CPU.ActiveCfg = Release|Any CPU
		{40D1267F-E9C8-450A-B3EB-70D95475A077}.Release|Any CPU.Build.0 = Release|Any CPU
		{40D1267F-E9C8-450A-B3EB-70D95475A077}.Release|x64.ActiveCfg = Release|Any CPU
		{40D1267F-E9C8-450A-B3EB-70D95475A077}.Release|x64.Build.0 = Release|Any CPU
		{40D1267F-E9C8-450A-B3EB-70D95475A077}.Release|x86.ActiveCfg = Release|Any CPU
		{40D1267F-E9C8-450A-B3EB-70D95475A077}.Release|x86.Build.0 = Release|Any CPU
		{AFBF977E-DDA1-4175-AECE-3397BF8C48D9}.Debug|Any CPU.ActiveCfg = Debug|Any CPU
		{AFBF977E-DDA1-4175-AECE-3397BF8C48D9}.Debug|Any CPU.Build.0 = Debug|Any CPU
		{AFBF977E-DDA1-4175-AECE-3397BF8C48D9}.Debug|x64.ActiveCfg = Debug|Any CPU
		{AFBF977E-DDA1-4175-AECE-3397BF8C48D9}.Debug|x64.Build.0 = Debug|Any CPU
		{AFBF977E-DDA1-4175-AECE-3397BF8C48D9}.Debug|x86.ActiveCfg = Debug|Any CPU
		{AFBF977E-DDA1-4175-AECE-3397BF8C48D9}.Debug|x86.Build.0 = Debug|Any CPU
		{AFBF977E-DDA1-4175-AECE-3397BF8C48D9}.Release|Any CPU.ActiveCfg = Release|Any CPU
		{AFBF977E-DDA1-4175-AECE-3397BF8C48D9}.Release|Any CPU.Build.0 = Release|Any CPU
		{AFBF977E-DDA1-4175-AECE-3397BF8C48D9}.Release|x64.ActiveCfg = Release|Any CPU
		{AFBF977E-DDA1-4175-AECE-3397BF8C48D9}.Release|x64.Build.0 = Release|Any CPU
		{AFBF977E-DDA1-4175-AECE-3397BF8C48D9}.Release|x86.ActiveCfg = Release|Any CPU
		{AFBF977E-DDA1-4175-AECE-3397BF8C48D9}.Release|x86.Build.0 = Release|Any CPU
		{A6E48C0E-74FF-48C9-AFA5-117BBDA918B6}.Debug|Any CPU.ActiveCfg = Debug|Any CPU
		{A6E48C0E-74FF-48C9-AFA5-117BBDA918B6}.Debug|Any CPU.Build.0 = Debug|Any CPU
		{A6E48C0E-74FF-48C9-AFA5-117BBDA918B6}.Debug|x64.ActiveCfg = Debug|Any CPU
		{A6E48C0E-74FF-48C9-AFA5-117BBDA918B6}.Debug|x64.Build.0 = Debug|Any CPU
		{A6E48C0E-74FF-48C9-AFA5-117BBDA918B6}.Debug|x86.ActiveCfg = Debug|Any CPU
		{A6E48C0E-74FF-48C9-AFA5-117BBDA918B6}.Debug|x86.Build.0 = Debug|Any CPU
		{A6E48C0E-74FF-48C9-AFA5-117BBDA918B6}.Release|Any CPU.ActiveCfg = Release|Any CPU
		{A6E48C0E-74FF-48C9-AFA5-117BBDA918B6}.Release|Any CPU.Build.0 = Release|Any CPU
		{A6E48C0E-74FF-48C9-AFA5-117BBDA918B6}.Release|x64.ActiveCfg = Release|Any CPU
		{A6E48C0E-74FF-48C9-AFA5-117BBDA918B6}.Release|x64.Build.0 = Release|Any CPU
		{A6E48C0E-74FF-48C9-AFA5-117BBDA918B6}.Release|x86.ActiveCfg = Release|Any CPU
		{A6E48C0E-74FF-48C9-AFA5-117BBDA918B6}.Release|x86.Build.0 = Release|Any CPU
		{9BE93BBF-C1E2-4D3B-B949-1ADFFE8558F2}.Debug|Any CPU.ActiveCfg = Debug|Any CPU
		{9BE93BBF-C1E2-4D3B-B949-1ADFFE8558F2}.Debug|Any CPU.Build.0 = Debug|Any CPU
		{9BE93BBF-C1E2-4D3B-B949-1ADFFE8558F2}.Debug|x64.ActiveCfg = Debug|Any CPU
		{9BE93BBF-C1E2-4D3B-B949-1ADFFE8558F2}.Debug|x64.Build.0 = Debug|Any CPU
		{9BE93BBF-C1E2-4D3B-B949-1ADFFE8558F2}.Debug|x86.ActiveCfg = Debug|Any CPU
		{9BE93BBF-C1E2-4D3B-B949-1ADFFE8558F2}.Debug|x86.Build.0 = Debug|Any CPU
		{9BE93BBF-C1E2-4D3B-B949-1ADFFE8558F2}.Release|Any CPU.ActiveCfg = Release|Any CPU
		{9BE93BBF-C1E2-4D3B-B949-1ADFFE8558F2}.Release|Any CPU.Build.0 = Release|Any CPU
		{9BE93BBF-C1E2-4D3B-B949-1ADFFE8558F2}.Release|x64.ActiveCfg = Release|Any CPU
		{9BE93BBF-C1E2-4D3B-B949-1ADFFE8558F2}.Release|x64.Build.0 = Release|Any CPU
		{9BE93BBF-C1E2-4D3B-B949-1ADFFE8558F2}.Release|x86.ActiveCfg = Release|Any CPU
		{9BE93BBF-C1E2-4D3B-B949-1ADFFE8558F2}.Release|x86.Build.0 = Release|Any CPU
		{28717118-4347-4216-9AE4-1E4E1778D25C}.Debug|Any CPU.ActiveCfg = Debug|Any CPU
		{28717118-4347-4216-9AE4-1E4E1778D25C}.Debug|Any CPU.Build.0 = Debug|Any CPU
		{28717118-4347-4216-9AE4-1E4E1778D25C}.Debug|x64.ActiveCfg = Debug|Any CPU
		{28717118-4347-4216-9AE4-1E4E1778D25C}.Debug|x64.Build.0 = Debug|Any CPU
		{28717118-4347-4216-9AE4-1E4E1778D25C}.Debug|x86.ActiveCfg = Debug|Any CPU
		{28717118-4347-4216-9AE4-1E4E1778D25C}.Debug|x86.Build.0 = Debug|Any CPU
		{28717118-4347-4216-9AE4-1E4E1778D25C}.Release|Any CPU.ActiveCfg = Release|Any CPU
		{28717118-4347-4216-9AE4-1E4E1778D25C}.Release|Any CPU.Build.0 = Release|Any CPU
		{28717118-4347-4216-9AE4-1E4E1778D25C}.Release|x64.ActiveCfg = Release|Any CPU
		{28717118-4347-4216-9AE4-1E4E1778D25C}.Release|x64.Build.0 = Release|Any CPU
		{28717118-4347-4216-9AE4-1E4E1778D25C}.Release|x86.ActiveCfg = Release|Any CPU
		{28717118-4347-4216-9AE4-1E4E1778D25C}.Release|x86.Build.0 = Release|Any CPU
		{45CEFEB1-E3B4-47FB-8940-7740BD93F5B8}.Debug|Any CPU.ActiveCfg = Debug|Any CPU
		{45CEFEB1-E3B4-47FB-8940-7740BD93F5B8}.Debug|Any CPU.Build.0 = Debug|Any CPU
		{45CEFEB1-E3B4-47FB-8940-7740BD93F5B8}.Debug|x64.ActiveCfg = Debug|Any CPU
		{45CEFEB1-E3B4-47FB-8940-7740BD93F5B8}.Debug|x64.Build.0 = Debug|Any CPU
		{45CEFEB1-E3B4-47FB-8940-7740BD93F5B8}.Debug|x86.ActiveCfg = Debug|Any CPU
		{45CEFEB1-E3B4-47FB-8940-7740BD93F5B8}.Debug|x86.Build.0 = Debug|Any CPU
		{45CEFEB1-E3B4-47FB-8940-7740BD93F5B8}.Release|Any CPU.ActiveCfg = Release|Any CPU
		{45CEFEB1-E3B4-47FB-8940-7740BD93F5B8}.Release|Any CPU.Build.0 = Release|Any CPU
		{45CEFEB1-E3B4-47FB-8940-7740BD93F5B8}.Release|x64.ActiveCfg = Release|Any CPU
		{45CEFEB1-E3B4-47FB-8940-7740BD93F5B8}.Release|x64.Build.0 = Release|Any CPU
		{45CEFEB1-E3B4-47FB-8940-7740BD93F5B8}.Release|x86.ActiveCfg = Release|Any CPU
		{45CEFEB1-E3B4-47FB-8940-7740BD93F5B8}.Release|x86.Build.0 = Release|Any CPU
		{A8C4805D-DD62-4EFC-AF76-7D10C8205613}.Debug|Any CPU.ActiveCfg = Debug|Any CPU
		{A8C4805D-DD62-4EFC-AF76-7D10C8205613}.Debug|Any CPU.Build.0 = Debug|Any CPU
		{A8C4805D-DD62-4EFC-AF76-7D10C8205613}.Debug|x64.ActiveCfg = Debug|Any CPU
		{A8C4805D-DD62-4EFC-AF76-7D10C8205613}.Debug|x64.Build.0 = Debug|Any CPU
		{A8C4805D-DD62-4EFC-AF76-7D10C8205613}.Debug|x86.ActiveCfg = Debug|Any CPU
		{A8C4805D-DD62-4EFC-AF76-7D10C8205613}.Debug|x86.Build.0 = Debug|Any CPU
		{A8C4805D-DD62-4EFC-AF76-7D10C8205613}.Release|Any CPU.ActiveCfg = Release|Any CPU
		{A8C4805D-DD62-4EFC-AF76-7D10C8205613}.Release|Any CPU.Build.0 = Release|Any CPU
		{A8C4805D-DD62-4EFC-AF76-7D10C8205613}.Release|x64.ActiveCfg = Release|Any CPU
		{A8C4805D-DD62-4EFC-AF76-7D10C8205613}.Release|x64.Build.0 = Release|Any CPU
		{A8C4805D-DD62-4EFC-AF76-7D10C8205613}.Release|x86.ActiveCfg = Release|Any CPU
		{A8C4805D-DD62-4EFC-AF76-7D10C8205613}.Release|x86.Build.0 = Release|Any CPU
		{4FBBE324-2DE9-42CD-A751-7685BCC4F0B4}.Debug|Any CPU.ActiveCfg = Debug|Any CPU
		{4FBBE324-2DE9-42CD-A751-7685BCC4F0B4}.Debug|Any CPU.Build.0 = Debug|Any CPU
		{4FBBE324-2DE9-42CD-A751-7685BCC4F0B4}.Debug|x64.ActiveCfg = Debug|Any CPU
		{4FBBE324-2DE9-42CD-A751-7685BCC4F0B4}.Debug|x64.Build.0 = Debug|Any CPU
		{4FBBE324-2DE9-42CD-A751-7685BCC4F0B4}.Debug|x86.ActiveCfg = Debug|Any CPU
		{4FBBE324-2DE9-42CD-A751-7685BCC4F0B4}.Debug|x86.Build.0 = Debug|Any CPU
		{4FBBE324-2DE9-42CD-A751-7685BCC4F0B4}.Release|Any CPU.ActiveCfg = Release|Any CPU
		{4FBBE324-2DE9-42CD-A751-7685BCC4F0B4}.Release|Any CPU.Build.0 = Release|Any CPU
		{4FBBE324-2DE9-42CD-A751-7685BCC4F0B4}.Release|x64.ActiveCfg = Release|Any CPU
		{4FBBE324-2DE9-42CD-A751-7685BCC4F0B4}.Release|x64.Build.0 = Release|Any CPU
		{4FBBE324-2DE9-42CD-A751-7685BCC4F0B4}.Release|x86.ActiveCfg = Release|Any CPU
		{4FBBE324-2DE9-42CD-A751-7685BCC4F0B4}.Release|x86.Build.0 = Release|Any CPU
		{9131D236-8E6E-4532-AE7C-EF616804B305}.Debug|Any CPU.ActiveCfg = Debug|Any CPU
		{9131D236-8E6E-4532-AE7C-EF616804B305}.Debug|Any CPU.Build.0 = Debug|Any CPU
		{9131D236-8E6E-4532-AE7C-EF616804B305}.Debug|x64.ActiveCfg = Debug|Any CPU
		{9131D236-8E6E-4532-AE7C-EF616804B305}.Debug|x64.Build.0 = Debug|Any CPU
		{9131D236-8E6E-4532-AE7C-EF616804B305}.Debug|x86.ActiveCfg = Debug|Any CPU
		{9131D236-8E6E-4532-AE7C-EF616804B305}.Debug|x86.Build.0 = Debug|Any CPU
		{9131D236-8E6E-4532-AE7C-EF616804B305}.Release|Any CPU.ActiveCfg = Release|Any CPU
		{9131D236-8E6E-4532-AE7C-EF616804B305}.Release|Any CPU.Build.0 = Release|Any CPU
		{9131D236-8E6E-4532-AE7C-EF616804B305}.Release|x64.ActiveCfg = Release|Any CPU
		{9131D236-8E6E-4532-AE7C-EF616804B305}.Release|x64.Build.0 = Release|Any CPU
		{9131D236-8E6E-4532-AE7C-EF616804B305}.Release|x86.ActiveCfg = Release|Any CPU
		{9131D236-8E6E-4532-AE7C-EF616804B305}.Release|x86.Build.0 = Release|Any CPU
	EndGlobalSection
	GlobalSection(SolutionProperties) = preSolution
		HideSolutionNode = FALSE
	EndGlobalSection
	GlobalSection(NestedProjects) = preSolution
		{838B05BB-0743-4410-82B0-8B66E36E7F38} = {827E0CD3-B72D-47B6-A68D-7590B98EB39B}
		{16CB2110-BC48-43B4-9425-EE95AF78A426} = {827E0CD3-B72D-47B6-A68D-7590B98EB39B}
		{1F2D3069-C00D-4EC4-A5E4-4D5A2530987D} = {827E0CD3-B72D-47B6-A68D-7590B98EB39B}
		{251DCECC-6398-4D8D-81A0-1805C536D9BB} = {827E0CD3-B72D-47B6-A68D-7590B98EB39B}
		{90090D18-7B85-49A1-8A92-7D2FF49492A4} = {827E0CD3-B72D-47B6-A68D-7590B98EB39B}
		{5E6828B4-8E31-4357-B1CE-81A726820941} = {0AB3BF05-4346-4AA6-1389-037BE0695223}
		{03F17E43-4EE3-4302-885E-C31ABC1D3B65} = {0AB3BF05-4346-4AA6-1389-037BE0695223}
		{C75FE71E-20F5-476D-BB49-C15C5FD8CB0E} = {0AB3BF05-4346-4AA6-1389-037BE0695223}
		{9C2EE63D-1734-4A58-A70A-72CCC51557AA} = {0AB3BF05-4346-4AA6-1389-037BE0695223}
		{2F2F08F9-5738-46D7-A35B-2EEF776A786D} = {0AB3BF05-4346-4AA6-1389-037BE0695223}
		{4167D36F-96C8-461A-BC62-075F0BBE9039} = {0AB3BF05-4346-4AA6-1389-037BE0695223}
		{4DC71533-A48A-468F-865A-4F2413B0F545} = {827E0CD3-B72D-47B6-A68D-7590B98EB39B}
		{675ABC75-F96A-4BF8-9270-40952C638EA5} = {827E0CD3-B72D-47B6-A68D-7590B98EB39B}
		{40D1267F-E9C8-450A-B3EB-70D95475A077} = {07C2787E-EAC7-C090-1BA3-A61EC2A24D84}
		{AFBF977E-DDA1-4175-AECE-3397BF8C48D9} = {0AB3BF05-4346-4AA6-1389-037BE0695223}
		{A6E48C0E-74FF-48C9-AFA5-117BBDA918B6} = {0AB3BF05-4346-4AA6-1389-037BE0695223}
		{9BE93BBF-C1E2-4D3B-B949-1ADFFE8558F2} = {66320409-64EC-F7C5-3DEF-65E7510DAAD1}
		{28717118-4347-4216-9AE4-1E4E1778D25C} = {5D20AA90-6969-D8BD-9DCD-8634F4692FDA}
		{45CEFEB1-E3B4-47FB-8940-7740BD93F5B8} = {5D20AA90-6969-D8BD-9DCD-8634F4692FDA}
		{A8C4805D-DD62-4EFC-AF76-7D10C8205613} = {5D20AA90-6969-D8BD-9DCD-8634F4692FDA}
		{4FBBE324-2DE9-42CD-A751-7685BCC4F0B4} = {5D20AA90-6969-D8BD-9DCD-8634F4692FDA}
		{9131D236-8E6E-4532-AE7C-EF616804B305} = {5D20AA90-6969-D8BD-9DCD-8634F4692FDA}
	EndGlobalSection
EndGlobal
